
Microsoft Visual Studio Solution File, Format Version 12.00
# Visual Studio 15
VisualStudioVersion = 15.0.28307.779
MinimumVisualStudioVersion = 10.0.40219.1
Project("{FAE04EC0-301F-11D3-BF4B-00C04F79EFBC}") = "RangoJa.Android", "RangoJa\RangoJa.Android\RangoJa.Android.csproj", "{88B0317D-179D-4FCC-B366-BDE5FA9D6581}"
EndProject
Project("{FAE04EC0-301F-11D3-BF4B-00C04F79EFBC}") = "RangoJa.iOS", "RangoJa\RangoJa.iOS\RangoJa.iOS.csproj", "{FCBFBBCA-262B-4359-AC48-20994CF7E888}"
EndProject
Project("{9A19103F-16F7-4668-BE54-9A1E7A4F7556}") = "RangoJa", "RangoJa\RangoJa\RangoJa.csproj", "{CA33F246-11DF-4E72-9C51-B307BD942014}"
EndProject
Project("{FAE04EC0-301F-11D3-BF4B-00C04F79EFBC}") = "RangoJaDatabaseAccess", "RangoJaDatabaseAccess\RangoJaDatabaseAccess.csproj", "{69341864-A5F9-4461-8648-DD6EDE511C33}"
EndProject
Project("{FAE04EC0-301F-11D3-BF4B-00C04F79EFBC}") = "RanjoJaTests", "RanjoJaTests\RanjoJaTests.csproj", "{2594DBBB-A28A-4EA3-97B6-3847BF4CEF41}"
EndProject
Global
	GlobalSection(SolutionConfigurationPlatforms) = preSolution
		Ad-Hoc|Any CPU = Ad-Hoc|Any CPU
		Ad-Hoc|iPhone = Ad-Hoc|iPhone
		Ad-Hoc|iPhoneSimulator = Ad-Hoc|iPhoneSimulator
		AppStore|Any CPU = AppStore|Any CPU
		AppStore|iPhone = AppStore|iPhone
		AppStore|iPhoneSimulator = AppStore|iPhoneSimulator
		Debug|Any CPU = Debug|Any CPU
		Debug|iPhone = Debug|iPhone
		Debug|iPhoneSimulator = Debug|iPhoneSimulator
		Release|Any CPU = Release|Any CPU
		Release|iPhone = Release|iPhone
		Release|iPhoneSimulator = Release|iPhoneSimulator
	EndGlobalSection
	GlobalSection(ProjectConfigurationPlatforms) = postSolution
		{88B0317D-179D-4FCC-B366-BDE5FA9D6581}.Ad-Hoc|Any CPU.ActiveCfg = Release|Any CPU
		{88B0317D-179D-4FCC-B366-BDE5FA9D6581}.Ad-Hoc|Any CPU.Build.0 = Release|Any CPU
		{88B0317D-179D-4FCC-B366-BDE5FA9D6581}.Ad-Hoc|Any CPU.Deploy.0 = Release|Any CPU
		{88B0317D-179D-4FCC-B366-BDE5FA9D6581}.Ad-Hoc|iPhone.ActiveCfg = Release|Any CPU
		{88B0317D-179D-4FCC-B366-BDE5FA9D6581}.Ad-Hoc|iPhone.Build.0 = Release|Any CPU
		{88B0317D-179D-4FCC-B366-BDE5FA9D6581}.Ad-Hoc|iPhone.Deploy.0 = Release|Any CPU
		{88B0317D-179D-4FCC-B366-BDE5FA9D6581}.Ad-Hoc|iPhoneSimulator.ActiveCfg = Release|Any CPU
		{88B0317D-179D-4FCC-B366-BDE5FA9D6581}.Ad-Hoc|iPhoneSimulator.Build.0 = Release|Any CPU
		{88B0317D-179D-4FCC-B366-BDE5FA9D6581}.Ad-Hoc|iPhoneSimulator.Deploy.0 = Release|Any CPU
		{88B0317D-179D-4FCC-B366-BDE5FA9D6581}.AppStore|Any CPU.ActiveCfg = Release|Any CPU
		{88B0317D-179D-4FCC-B366-BDE5FA9D6581}.AppStore|Any CPU.Build.0 = Release|Any CPU
		{88B0317D-179D-4FCC-B366-BDE5FA9D6581}.AppStore|Any CPU.Deploy.0 = Release|Any CPU
		{88B0317D-179D-4FCC-B366-BDE5FA9D6581}.AppStore|iPhone.ActiveCfg = Release|Any CPU
		{88B0317D-179D-4FCC-B366-BDE5FA9D6581}.AppStore|iPhone.Build.0 = Release|Any CPU
		{88B0317D-179D-4FCC-B366-BDE5FA9D6581}.AppStore|iPhone.Deploy.0 = Release|Any CPU
		{88B0317D-179D-4FCC-B366-BDE5FA9D6581}.AppStore|iPhoneSimulator.ActiveCfg = Release|Any CPU
		{88B0317D-179D-4FCC-B366-BDE5FA9D6581}.AppStore|iPhoneSimulator.Build.0 = Release|Any CPU
		{88B0317D-179D-4FCC-B366-BDE5FA9D6581}.AppStore|iPhoneSimulator.Deploy.0 = Release|Any CPU
		{88B0317D-179D-4FCC-B366-BDE5FA9D6581}.Debug|Any CPU.ActiveCfg = Debug|Any CPU
		{88B0317D-179D-4FCC-B366-BDE5FA9D6581}.Debug|Any CPU.Build.0 = Debug|Any CPU
		{88B0317D-179D-4FCC-B366-BDE5FA9D6581}.Debug|Any CPU.Deploy.0 = Debug|Any CPU
		{88B0317D-179D-4FCC-B366-BDE5FA9D6581}.Debug|iPhone.ActiveCfg = Debug|Any CPU
		{88B0317D-179D-4FCC-B366-BDE5FA9D6581}.Debug|iPhone.Build.0 = Debug|Any CPU
		{88B0317D-179D-4FCC-B366-BDE5FA9D6581}.Debug|iPhone.Deploy.0 = Debug|Any CPU
		{88B0317D-179D-4FCC-B366-BDE5FA9D6581}.Debug|iPhoneSimulator.ActiveCfg = Debug|Any CPU
		{88B0317D-179D-4FCC-B366-BDE5FA9D6581}.Debug|iPhoneSimulator.Build.0 = Debug|Any CPU
		{88B0317D-179D-4FCC-B366-BDE5FA9D6581}.Debug|iPhoneSimulator.Deploy.0 = Debug|Any CPU
		{88B0317D-179D-4FCC-B366-BDE5FA9D6581}.Release|Any CPU.ActiveCfg = Release|Any CPU
		{88B0317D-179D-4FCC-B366-BDE5FA9D6581}.Release|Any CPU.Build.0 = Release|Any CPU
		{88B0317D-179D-4FCC-B366-BDE5FA9D6581}.Release|Any CPU.Deploy.0 = Release|Any CPU
		{88B0317D-179D-4FCC-B366-BDE5FA9D6581}.Release|iPhone.ActiveCfg = Release|Any CPU
		{88B0317D-179D-4FCC-B366-BDE5FA9D6581}.Release|iPhone.Build.0 = Release|Any CPU
		{88B0317D-179D-4FCC-B366-BDE5FA9D6581}.Release|iPhone.Deploy.0 = Release|Any CPU
		{88B0317D-179D-4FCC-B366-BDE5FA9D6581}.Release|iPhoneSimulator.ActiveCfg = Release|Any CPU
		{88B0317D-179D-4FCC-B366-BDE5FA9D6581}.Release|iPhoneSimulator.Build.0 = Release|Any CPU
		{88B0317D-179D-4FCC-B366-BDE5FA9D6581}.Release|iPhoneSimulator.Deploy.0 = Release|Any CPU
		{FCBFBBCA-262B-4359-AC48-20994CF7E888}.Ad-Hoc|Any CPU.ActiveCfg = Ad-Hoc|iPhone
		{FCBFBBCA-262B-4359-AC48-20994CF7E888}.Ad-Hoc|Any CPU.Build.0 = Ad-Hoc|iPhone
		{FCBFBBCA-262B-4359-AC48-20994CF7E888}.Ad-Hoc|Any CPU.Deploy.0 = Ad-Hoc|iPhone
		{FCBFBBCA-262B-4359-AC48-20994CF7E888}.Ad-Hoc|iPhone.ActiveCfg = Ad-Hoc|iPhone
		{FCBFBBCA-262B-4359-AC48-20994CF7E888}.Ad-Hoc|iPhone.Build.0 = Ad-Hoc|iPhone
		{FCBFBBCA-262B-4359-AC48-20994CF7E888}.Ad-Hoc|iPhone.Deploy.0 = Ad-Hoc|iPhone
		{FCBFBBCA-262B-4359-AC48-20994CF7E888}.Ad-Hoc|iPhoneSimulator.ActiveCfg = Ad-Hoc|iPhoneSimulator
		{FCBFBBCA-262B-4359-AC48-20994CF7E888}.Ad-Hoc|iPhoneSimulator.Build.0 = Ad-Hoc|iPhoneSimulator
		{FCBFBBCA-262B-4359-AC48-20994CF7E888}.Ad-Hoc|iPhoneSimulator.Deploy.0 = Ad-Hoc|iPhoneSimulator
		{FCBFBBCA-262B-4359-AC48-20994CF7E888}.AppStore|Any CPU.ActiveCfg = AppStore|iPhone
		{FCBFBBCA-262B-4359-AC48-20994CF7E888}.AppStore|Any CPU.Build.0 = AppStore|iPhone
		{FCBFBBCA-262B-4359-AC48-20994CF7E888}.AppStore|Any CPU.Deploy.0 = AppStore|iPhone
		{FCBFBBCA-262B-4359-AC48-20994CF7E888}.AppStore|iPhone.ActiveCfg = AppStore|iPhone
		{FCBFBBCA-262B-4359-AC48-20994CF7E888}.AppStore|iPhone.Build.0 = AppStore|iPhone
		{FCBFBBCA-262B-4359-AC48-20994CF7E888}.AppStore|iPhone.Deploy.0 = AppStore|iPhone
		{FCBFBBCA-262B-4359-AC48-20994CF7E888}.AppStore|iPhoneSimulator.ActiveCfg = AppStore|iPhoneSimulator
		{FCBFBBCA-262B-4359-AC48-20994CF7E888}.AppStore|iPhoneSimulator.Build.0 = AppStore|iPhoneSimulator
		{FCBFBBCA-262B-4359-AC48-20994CF7E888}.AppStore|iPhoneSimulator.Deploy.0 = AppStore|iPhoneSimulator
		{FCBFBBCA-262B-4359-AC48-20994CF7E888}.Debug|Any CPU.ActiveCfg = Debug|iPhoneSimulator
		{FCBFBBCA-262B-4359-AC48-20994CF7E888}.Debug|Any CPU.Build.0 = Debug|iPhoneSimulator
		{FCBFBBCA-262B-4359-AC48-20994CF7E888}.Debug|Any CPU.Deploy.0 = Debug|iPhoneSimulator
		{FCBFBBCA-262B-4359-AC48-20994CF7E888}.Debug|iPhone.ActiveCfg = Debug|iPhone
		{FCBFBBCA-262B-4359-AC48-20994CF7E888}.Debug|iPhone.Build.0 = Debug|iPhone
		{FCBFBBCA-262B-4359-AC48-20994CF7E888}.Debug|iPhone.Deploy.0 = Debug|iPhone
		{FCBFBBCA-262B-4359-AC48-20994CF7E888}.Debug|iPhoneSimulator.ActiveCfg = Debug|iPhoneSimulator
		{FCBFBBCA-262B-4359-AC48-20994CF7E888}.Debug|iPhoneSimulator.Build.0 = Debug|iPhoneSimulator
		{FCBFBBCA-262B-4359-AC48-20994CF7E888}.Debug|iPhoneSimulator.Deploy.0 = Debug|iPhoneSimulator
		{FCBFBBCA-262B-4359-AC48-20994CF7E888}.Release|Any CPU.ActiveCfg = Release|iPhone
		{FCBFBBCA-262B-4359-AC48-20994CF7E888}.Release|Any CPU.Build.0 = Release|iPhone
		{FCBFBBCA-262B-4359-AC48-20994CF7E888}.Release|Any CPU.Deploy.0 = Release|iPhone
		{FCBFBBCA-262B-4359-AC48-20994CF7E888}.Release|iPhone.ActiveCfg = Release|iPhone
		{FCBFBBCA-262B-4359-AC48-20994CF7E888}.Release|iPhone.Build.0 = Release|iPhone
		{FCBFBBCA-262B-4359-AC48-20994CF7E888}.Release|iPhone.Deploy.0 = Release|iPhone
		{FCBFBBCA-262B-4359-AC48-20994CF7E888}.Release|iPhoneSimulator.ActiveCfg = Release|iPhoneSimulator
		{FCBFBBCA-262B-4359-AC48-20994CF7E888}.Release|iPhoneSimulator.Build.0 = Release|iPhoneSimulator
		{FCBFBBCA-262B-4359-AC48-20994CF7E888}.Release|iPhoneSimulator.Deploy.0 = Release|iPhoneSimulator
		{CA33F246-11DF-4E72-9C51-B307BD942014}.Ad-Hoc|Any CPU.ActiveCfg = Debug|Any CPU
		{CA33F246-11DF-4E72-9C51-B307BD942014}.Ad-Hoc|Any CPU.Build.0 = Debug|Any CPU
		{CA33F246-11DF-4E72-9C51-B307BD942014}.Ad-Hoc|Any CPU.Deploy.0 = Debug|Any CPU
		{CA33F246-11DF-4E72-9C51-B307BD942014}.Ad-Hoc|iPhone.ActiveCfg = Debug|Any CPU
		{CA33F246-11DF-4E72-9C51-B307BD942014}.Ad-Hoc|iPhone.Build.0 = Debug|Any CPU
		{CA33F246-11DF-4E72-9C51-B307BD942014}.Ad-Hoc|iPhone.Deploy.0 = Debug|Any CPU
		{CA33F246-11DF-4E72-9C51-B307BD942014}.Ad-Hoc|iPhoneSimulator.ActiveCfg = Debug|Any CPU
		{CA33F246-11DF-4E72-9C51-B307BD942014}.Ad-Hoc|iPhoneSimulator.Build.0 = Debug|Any CPU
		{CA33F246-11DF-4E72-9C51-B307BD942014}.Ad-Hoc|iPhoneSimulator.Deploy.0 = Debug|Any CPU
		{CA33F246-11DF-4E72-9C51-B307BD942014}.AppStore|Any CPU.ActiveCfg = Debug|Any CPU
		{CA33F246-11DF-4E72-9C51-B307BD942014}.AppStore|Any CPU.Build.0 = Debug|Any CPU
		{CA33F246-11DF-4E72-9C51-B307BD942014}.AppStore|Any CPU.Deploy.0 = Debug|Any CPU
		{CA33F246-11DF-4E72-9C51-B307BD942014}.AppStore|iPhone.ActiveCfg = Debug|Any CPU
		{CA33F246-11DF-4E72-9C51-B307BD942014}.AppStore|iPhone.Build.0 = Debug|Any CPU
		{CA33F246-11DF-4E72-9C51-B307BD942014}.AppStore|iPhone.Deploy.0 = Debug|Any CPU
		{CA33F246-11DF-4E72-9C51-B307BD942014}.AppStore|iPhoneSimulator.ActiveCfg = Debug|Any CPU
		{CA33F246-11DF-4E72-9C51-B307BD942014}.AppStore|iPhoneSimulator.Build.0 = Debug|Any CPU
		{CA33F246-11DF-4E72-9C51-B307BD942014}.AppStore|iPhoneSimulator.Deploy.0 = Debug|Any CPU
		{CA33F246-11DF-4E72-9C51-B307BD942014}.Debug|Any CPU.ActiveCfg = Debug|Any CPU
		{CA33F246-11DF-4E72-9C51-B307BD942014}.Debug|Any CPU.Build.0 = Debug|Any CPU
		{CA33F246-11DF-4E72-9C51-B307BD942014}.Debug|Any CPU.Deploy.0 = Debug|Any CPU
		{CA33F246-11DF-4E72-9C51-B307BD942014}.Debug|iPhone.ActiveCfg = Debug|Any CPU
		{CA33F246-11DF-4E72-9C51-B307BD942014}.Debug|iPhone.Build.0 = Debug|Any CPU
		{CA33F246-11DF-4E72-9C51-B307BD942014}.Debug|iPhone.Deploy.0 = Debug|Any CPU
		{CA33F246-11DF-4E72-9C51-B307BD942014}.Debug|iPhoneSimulator.ActiveCfg = Debug|Any CPU
		{CA33F246-11DF-4E72-9C51-B307BD942014}.Debug|iPhoneSimulator.Build.0 = Debug|Any CPU
		{CA33F246-11DF-4E72-9C51-B307BD942014}.Debug|iPhoneSimulator.Deploy.0 = Debug|Any CPU
		{CA33F246-11DF-4E72-9C51-B307BD942014}.Release|Any CPU.ActiveCfg = Release|Any CPU
		{CA33F246-11DF-4E72-9C51-B307BD942014}.Release|Any CPU.Build.0 = Release|Any CPU
		{CA33F246-11DF-4E72-9C51-B307BD942014}.Release|Any CPU.Deploy.0 = Release|Any CPU
		{CA33F246-11DF-4E72-9C51-B307BD942014}.Release|iPhone.ActiveCfg = Release|Any CPU
		{CA33F246-11DF-4E72-9C51-B307BD942014}.Release|iPhone.Build.0 = Release|Any CPU
		{CA33F246-11DF-4E72-9C51-B307BD942014}.Release|iPhone.Deploy.0 = Release|Any CPU
		{CA33F246-11DF-4E72-9C51-B307BD942014}.Release|iPhoneSimulator.ActiveCfg = Release|Any CPU
		{CA33F246-11DF-4E72-9C51-B307BD942014}.Release|iPhoneSimulator.Build.0 = Release|Any CPU
		{CA33F246-11DF-4E72-9C51-B307BD942014}.Release|iPhoneSimulator.Deploy.0 = Release|Any CPU
		{69341864-A5F9-4461-8648-DD6EDE511C33}.Ad-Hoc|Any CPU.ActiveCfg = Release|Any CPU
		{69341864-A5F9-4461-8648-DD6EDE511C33}.Ad-Hoc|Any CPU.Build.0 = Release|Any CPU
		{69341864-A5F9-4461-8648-DD6EDE511C33}.Ad-Hoc|iPhone.ActiveCfg = Release|Any CPU
		{69341864-A5F9-4461-8648-DD6EDE511C33}.Ad-Hoc|iPhone.Build.0 = Release|Any CPU
		{69341864-A5F9-4461-8648-DD6EDE511C33}.Ad-Hoc|iPhoneSimulator.ActiveCfg = Release|Any CPU
		{69341864-A5F9-4461-8648-DD6EDE511C33}.Ad-Hoc|iPhoneSimulator.Build.0 = Release|Any CPU
		{69341864-A5F9-4461-8648-DD6EDE511C33}.AppStore|Any CPU.ActiveCfg = Release|Any CPU
		{69341864-A5F9-4461-8648-DD6EDE511C33}.AppStore|Any CPU.Build.0 = Release|Any CPU
		{69341864-A5F9-4461-8648-DD6EDE511C33}.AppStore|iPhone.ActiveCfg = Release|Any CPU
		{69341864-A5F9-4461-8648-DD6EDE511C33}.AppStore|iPhone.Build.0 = Release|Any CPU
		{69341864-A5F9-4461-8648-DD6EDE511C33}.AppStore|iPhoneSimulator.ActiveCfg = Release|Any CPU
		{69341864-A5F9-4461-8648-DD6EDE511C33}.AppStore|iPhoneSimulator.Build.0 = Release|Any CPU
		{69341864-A5F9-4461-8648-DD6EDE511C33}.Debug|Any CPU.ActiveCfg = Debug|Any CPU
		{69341864-A5F9-4461-8648-DD6EDE511C33}.Debug|Any CPU.Build.0 = Debug|Any CPU
		{69341864-A5F9-4461-8648-DD6EDE511C33}.Debug|iPhone.ActiveCfg = Debug|Any CPU
		{69341864-A5F9-4461-8648-DD6EDE511C33}.Debug|iPhone.Build.0 = Debug|Any CPU
		{69341864-A5F9-4461-8648-DD6EDE511C33}.Debug|iPhoneSimulator.ActiveCfg = Debug|Any CPU
		{69341864-A5F9-4461-8648-DD6EDE511C33}.Debug|iPhoneSimulator.Build.0 = Debug|Any CPU
		{69341864-A5F9-4461-8648-DD6EDE511C33}.Release|Any CPU.ActiveCfg = Release|Any CPU
		{69341864-A5F9-4461-8648-DD6EDE511C33}.Release|Any CPU.Build.0 = Release|Any CPU
		{69341864-A5F9-4461-8648-DD6EDE511C33}.Release|iPhone.ActiveCfg = Release|Any CPU
		{69341864-A5F9-4461-8648-DD6EDE511C33}.Release|iPhone.Build.0 = Release|Any CPU
		{69341864-A5F9-4461-8648-DD6EDE511C33}.Release|iPhoneSimulator.ActiveCfg = Release|Any CPU
		{69341864-A5F9-4461-8648-DD6EDE511C33}.Release|iPhoneSimulator.Build.0 = Release|Any CPU
		{2594DBBB-A28A-4EA3-97B6-3847BF4CEF41}.Ad-Hoc|Any CPU.ActiveCfg = Release|Any CPU
		{2594DBBB-A28A-4EA3-97B6-3847BF4CEF41}.Ad-Hoc|Any CPU.Build.0 = Release|Any CPU
		{2594DBBB-A28A-4EA3-97B6-3847BF4CEF41}.Ad-Hoc|iPhone.ActiveCfg = Release|Any CPU
		{2594DBBB-A28A-4EA3-97B6-3847BF4CEF41}.Ad-Hoc|iPhone.Build.0 = Release|Any CPU
		{2594DBBB-A28A-4EA3-97B6-3847BF4CEF41}.Ad-Hoc|iPhoneSimulator.ActiveCfg = Release|Any CPU
		{2594DBBB-A28A-4EA3-97B6-3847BF4CEF41}.Ad-Hoc|iPhoneSimulator.Build.0 = Release|Any CPU
		{2594DBBB-A28A-4EA3-97B6-3847BF4CEF41}.AppStore|Any CPU.ActiveCfg = Release|Any CPU
		{2594DBBB-A28A-4EA3-97B6-3847BF4CEF41}.AppStore|Any CPU.Build.0 = Release|Any CPU
		{2594DBBB-A28A-4EA3-97B6-3847BF4CEF41}.AppStore|iPhone.ActiveCfg = Release|Any CPU
		{2594DBBB-A28A-4EA3-97B6-3847BF4CEF41}.AppStore|iPhone.Build.0 = Release|Any CPU
		{2594DBBB-A28A-4EA3-97B6-3847BF4CEF41}.AppStore|iPhoneSimulator.ActiveCfg = Release|Any CPU
		{2594DBBB-A28A-4EA3-97B6-3847BF4CEF41}.AppStore|iPhoneSimulator.Build.0 = Release|Any CPU
		{2594DBBB-A28A-4EA3-97B6-3847BF4CEF41}.Debug|Any CPU.ActiveCfg = Debug|Any CPU
		{2594DBBB-A28A-4EA3-97B6-3847BF4CEF41}.Debug|Any CPU.Build.0 = Debug|Any CPU
		{2594DBBB-A28A-4EA3-97B6-3847BF4CEF41}.Debug|iPhone.ActiveCfg = Debug|Any CPU
		{2594DBBB-A28A-4EA3-97B6-3847BF4CEF41}.Debug|iPhone.Build.0 = Debug|Any CPU
		{2594DBBB-A28A-4EA3-97B6-3847BF4CEF41}.Debug|iPhoneSimulator.ActiveCfg = Debug|Any CPU
		{2594DBBB-A28A-4EA3-97B6-3847BF4CEF41}.Debug|iPhoneSimulator.Build.0 = Debug|Any CPU
		{2594DBBB-A28A-4EA3-97B6-3847BF4CEF41}.Release|Any CPU.ActiveCfg = Release|Any CPU
		{2594DBBB-A28A-4EA3-97B6-3847BF4CEF41}.Release|Any CPU.Build.0 = Release|Any CPU
		{2594DBBB-A28A-4EA3-97B6-3847BF4CEF41}.Release|iPhone.ActiveCfg = Release|Any CPU
		{2594DBBB-A28A-4EA3-97B6-3847BF4CEF41}.Release|iPhone.Build.0 = Release|Any CPU
		{2594DBBB-A28A-4EA3-97B6-3847BF4CEF41}.Release|iPhoneSimulator.ActiveCfg = Release|Any CPU
		{2594DBBB-A28A-4EA3-97B6-3847BF4CEF41}.Release|iPhoneSimulator.Build.0 = Release|Any CPU
	EndGlobalSection
	GlobalSection(SolutionProperties) = preSolution
		HideSolutionNode = FALSE
	EndGlobalSection
	GlobalSection(ExtensibilityGlobals) = postSolution
		SolutionGuid = {1487B1CB-483C-4204-B8DF-4BEE5D54CA25}
	EndGlobalSection
EndGlobal
